
Microsoft Visual Studio Solution File, Format Version 12.00
# Visual Studio Version 16
VisualStudioVersion = 25.0.1704.1
MinimumVisualStudioVersion = 10.0.40219.1
Project("{FAE04EC0-301F-11D3-BF4B-00C04F79EFBC}") = "Lesson4", "Lesson4\Lesson4.csproj", "{3CC41171-12F1-482F-A25C-0C186A6CA509}"
EndProject
Global
	GlobalSection(SolutionConfigurationPlatforms) = preSolution
		Debug|Any CPU = Debug|Any CPU
		Release|Any CPU = Release|Any CPU
	EndGlobalSection
	GlobalSection(ProjectConfigurationPlatforms) = postSolution
		{3CC41171-12F1-482F-A25C-0C186A6CA509}.Debug|Any CPU.ActiveCfg = Debug|Any CPU
		{3CC41171-12F1-482F-A25C-0C186A6CA509}.Debug|Any CPU.Build.0 = Debug|Any CPU
		{3CC41171-12F1-482F-A25C-0C186A6CA509}.Release|Any CPU.ActiveCfg = Release|Any CPU
		{3CC41171-12F1-482F-A25C-0C186A6CA509}.Release|Any CPU.Build.0 = Release|Any CPU
	EndGlobalSection
	GlobalSection(SolutionProperties) = preSolution
		HideSolutionNode = FALSE
	EndGlobalSection
	GlobalSection(ExtensibilityGlobals) = postSolution
		SolutionGuid = {4DC6D420-4436-46C9-A93E-D5931FDA20E6}
	EndGlobalSection
EndGlobal
